
Microsoft Visual Studio Solution File, Format Version 12.00
# Visual Studio 15
VisualStudioVersion = 15.0.27428.2011
MinimumVisualStudioVersion = 10.0.40219.1
Project("{FAE04EC0-301F-11D3-BF4B-00C04F79EFBC}") = "Task", "Task\Task.csproj", "{ACAFD5AF-5E59-46CC-B479-976970DFEFA4}"
EndProject
Global
	GlobalSection(SolutionConfigurationPlatforms) = preSolution
		Debug|Any CPU = Debug|Any CPU
		Release|Any CPU = Release|Any CPU
	EndGlobalSection
	GlobalSection(ProjectConfigurationPlatforms) = postSolution
		{ACAFD5AF-5E59-46CC-B479-976970DFEFA4}.Debug|Any CPU.ActiveCfg = Debug|Any CPU
		{ACAFD5AF-5E59-46CC-B479-976970DFEFA4}.Debug|Any CPU.Build.0 = Debug|Any CPU
		{ACAFD5AF-5E59-46CC-B479-976970DFEFA4}.Release|Any CPU.ActiveCfg = Release|Any CPU
		{ACAFD5AF-5E59-46CC-B479-976970DFEFA4}.Release|Any CPU.Build.0 = Release|Any CPU
	EndGlobalSection
	GlobalSection(SolutionProperties) = preSolution
		HideSolutionNode = FALSE
	EndGlobalSection
	GlobalSection(ExtensibilityGlobals) = postSolution
		SolutionGuid = {F2A73D3A-374E-4824-944F-AD3C29303A0C}
	EndGlobalSection
EndGlobal
